
Microsoft Visual Studio Solution File, Format Version 12.00
# Visual Studio 15
VisualStudioVersion = 15.0.28307.902
MinimumVisualStudioVersion = 10.0.40219.1
Project("{FAE04EC0-301F-11D3-BF4B-00C04F79EFBC}") = "StockControl.Web", "StockControl.Web\StockControl.Web.csproj", "{DD19F5CA-D61B-47D2-94D4-A588E5E24D50}"
EndProject
Project("{FAE04EC0-301F-11D3-BF4B-00C04F79EFBC}") = "StockControl.Abstraction", "StockControl.Abstraction\StockControl.Abstraction.csproj", "{9750B35D-0F44-4FC3-A07F-3A0CFB8B4023}"
EndProject
Project("{FAE04EC0-301F-11D3-BF4B-00C04F79EFBC}") = "StockControl.Data", "StockControl.Data\StockControl.Data.csproj", "{E3B6E551-BF79-4122-87A7-3FB010E9CAB7}"
EndProject
Project("{FAE04EC0-301F-11D3-BF4B-00C04F79EFBC}") = "StockControl.Services", "StockControl.Services\StockControl.Services.csproj", "{E7204667-068C-4FBF-9E9D-BCB35F3DB216}"
EndProject
Global
	GlobalSection(SolutionConfigurationPlatforms) = preSolution
		Debug|Any CPU = Debug|Any CPU
		Release|Any CPU = Release|Any CPU
	EndGlobalSection
	GlobalSection(ProjectConfigurationPlatforms) = postSolution
		{DD19F5CA-D61B-47D2-94D4-A588E5E24D50}.Debug|Any CPU.ActiveCfg = Debug|Any CPU
		{DD19F5CA-D61B-47D2-94D4-A588E5E24D50}.Debug|Any CPU.Build.0 = Debug|Any CPU
		{DD19F5CA-D61B-47D2-94D4-A588E5E24D50}.Release|Any CPU.ActiveCfg = Release|Any CPU
		{DD19F5CA-D61B-47D2-94D4-A588E5E24D50}.Release|Any CPU.Build.0 = Release|Any CPU
		{9750B35D-0F44-4FC3-A07F-3A0CFB8B4023}.Debug|Any CPU.ActiveCfg = Debug|Any CPU
		{9750B35D-0F44-4FC3-A07F-3A0CFB8B4023}.Debug|Any CPU.Build.0 = Debug|Any CPU
		{9750B35D-0F44-4FC3-A07F-3A0CFB8B4023}.Release|Any CPU.ActiveCfg = Release|Any CPU
		{9750B35D-0F44-4FC3-A07F-3A0CFB8B4023}.Release|Any CPU.Build.0 = Release|Any CPU
		{E3B6E551-BF79-4122-87A7-3FB010E9CAB7}.Debug|Any CPU.ActiveCfg = Debug|Any CPU
		{E3B6E551-BF79-4122-87A7-3FB010E9CAB7}.Debug|Any CPU.Build.0 = Debug|Any CPU
		{E3B6E551-BF79-4122-87A7-3FB010E9CAB7}.Release|Any CPU.ActiveCfg = Release|Any CPU
		{E3B6E551-BF79-4122-87A7-3FB010E9CAB7}.Release|Any CPU.Build.0 = Release|Any CPU
		{E7204667-068C-4FBF-9E9D-BCB35F3DB216}.Debug|Any CPU.ActiveCfg = Debug|Any CPU
		{E7204667-068C-4FBF-9E9D-BCB35F3DB216}.Debug|Any CPU.Build.0 = Debug|Any CPU
		{E7204667-068C-4FBF-9E9D-BCB35F3DB216}.Release|Any CPU.ActiveCfg = Release|Any CPU
		{E7204667-068C-4FBF-9E9D-BCB35F3DB216}.Release|Any CPU.Build.0 = Release|Any CPU
	EndGlobalSection
	GlobalSection(SolutionProperties) = preSolution
		HideSolutionNode = FALSE
	EndGlobalSection
	GlobalSection(ExtensibilityGlobals) = postSolution
		SolutionGuid = {C8EAFC18-0E32-4060-AEEA-F677202773A0}
	EndGlobalSection
EndGlobal
